
Microsoft Visual Studio Solution File, Format Version 12.00
# Visual Studio 15
VisualStudioVersion = 15.0.27703.2047
MinimumVisualStudioVersion = 10.0.40219.1
Project("{FAE04EC0-301F-11D3-BF4B-00C04F79EFBC}") = "ProjectManager", "ProjectManager\ProjectManager.csproj", "{375A38E8-6606-49B9-B5CC-4E599D7ECDE5}"
EndProject
Global
	GlobalSection(SolutionConfigurationPlatforms) = preSolution
		Debug|Any CPU = Debug|Any CPU
		Release|Any CPU = Release|Any CPU
	EndGlobalSection
	GlobalSection(ProjectConfigurationPlatforms) = postSolution
		{375A38E8-6606-49B9-B5CC-4E599D7ECDE5}.Debug|Any CPU.ActiveCfg = Debug|Any CPU
		{375A38E8-6606-49B9-B5CC-4E599D7ECDE5}.Debug|Any CPU.Build.0 = Debug|Any CPU
		{375A38E8-6606-49B9-B5CC-4E599D7ECDE5}.Release|Any CPU.ActiveCfg = Release|Any CPU
		{375A38E8-6606-49B9-B5CC-4E599D7ECDE5}.Release|Any CPU.Build.0 = Release|Any CPU
	EndGlobalSection
	GlobalSection(SolutionProperties) = preSolution
		HideSolutionNode = FALSE
	EndGlobalSection
	GlobalSection(ExtensibilityGlobals) = postSolution
		SolutionGuid = {44DE2D28-0A61-478A-8205-27F3ED6B1510}
	EndGlobalSection
EndGlobal
